{
  "nodes": {
    "crane": {
      "locked": {
        "lastModified": 1769287525,
        "narHash": "sha256-gABuYA6BzoRMLuPaeO5p7SLrpd4qExgkwEmYaYQY4bM=",
        "owner": "ipetkov",
        "repo": "crane",
        "rev": "0314e365877a85c9e5758f9ea77a9972afbb4c21",
        "type": "github"
      },
      "original": {
        "owner": "ipetkov",
        "repo": "crane",
        "type": "github"
      }
    },
    "flake-parts": {
      "inputs": {
        "nixpkgs-lib": "nixpkgs-lib"
      },
      "locked": {
        "lastModified": 1768135262,
        "narHash": "sha256-PVvu7OqHBGWN16zSi6tEmPwwHQ4rLPU9Plvs8/1TUBY=",
        "owner": "hercules-ci",
        "repo": "flake-parts",
        "rev": "80daad04eddbbf5a4d883996a73f3f542fa437ac",
        "type": "github"
      },
      "original": {
        "owner": "hercules-ci",
        "repo": "flake-parts",
        "type": "github"
      }
    },
    "nixpkgs": {
      "locked": {
        "lastModified": 1769330179,
        "narHash": "sha256-yxgb4AmkVHY5OOBrC79Vv6EVd4QZEotqv+6jcvA212M=",
        "owner": "nixos",
        "repo": "nixpkgs",
        "rev": "48698d12cc10555a4f3e3222d9c669b884a49dfe",
        "type": "github"
      },
      "original": {
        "owner": "nixos",
        "ref": "nixpkgs-unstable",
        "repo": "nixpkgs",
        "type": "github"
      }
    },
    "nixpkgs-lib": {
      "locked": {
        "lastModified": 1765674936,
        "narHash": "sha256-k00uTP4JNfmejrCLJOwdObYC9jHRrr/5M/a/8L2EIdo=",
        "owner": "nix-community",
        "repo": "nixpkgs.lib",
        "rev": "2075416fcb47225d9b68ac469a5c4801a9c4dd85",
        "type": "github"
      },
      "original": {
        "owner": "nix-community",
        "repo": "nixpkgs.lib",
        "type": "github"
      }
    },
    "root": {
      "inputs": {
        "crane": "crane",
        "flake-parts": "flake-parts",
        "nixpkgs": "nixpkgs",
        "rust-overlay": "rust-overlay",
        "treefmt-nix": "treefmt-nix"
      }
    },
    "rust-overlay": {
      "inputs": {
        "nixpkgs": [
          "nixpkgs"
        ]
      },
      "locked": {
        "lastModified": 1769309768,
        "narHash": "sha256-AbOIlNO+JoqRJkK1VrnDXhxuX6CrdtIu2hSuy4pxi3g=",
        "owner": "oxalica",
        "repo": "rust-overlay",
        "rev": "140c9dc582cb73ada2d63a2180524fcaa744fad5",
        "type": "github"
      },
      "original": {
        "owner": "oxalica",
        "repo": "rust-overlay",
        "type": "github"
      }
    },
    "treefmt-nix": {
      "inputs": {
        "nixpkgs": [
          "nixpkgs"
        ]
      },
      "locked": {
        "lastModified": 1769353635,
        "narHash": "sha256-J0G1ACrUK29M0THPAsz429eZX07GmR9Bs/b0pB3N0dQ=",
        "owner": "numtide",
        "repo": "treefmt-nix",
        "rev": "f46bb205f239b415309f58166f8df6919fa88377",
        "type": "github"
      },
      "original": {
        "owner": "numtide",
        "repo": "treefmt-nix",
        "type": "github"
      }
    }
  },
  "root": "root",
  "version": 7
}
